Microsoft Visual Studio Solution File, Format Version 12.00
# Visual Studio 2012
Project("{FAE04EC0-301F-11D3-BF4B-00C04F79EFBC}") = "space-hunters-2", "space-hunters-2.csproj", "{8684809B-E8C0-4341-8E47-AB3D4FC3A89B}"
EndProject
Global
	GlobalSection(SolutionConfigurationPlatforms) = preSolution
	Debug|Any CPU = Debug|Any CPU
	ExportDebug|Any CPU = ExportDebug|Any CPU
	ExportRelease|Any CPU = ExportRelease|Any CPU
	EndGlobalSection
	GlobalSection(ProjectConfigurationPlatforms) = postSolution
		{8684809B-E8C0-4341-8E47-AB3D4FC3A89B}.Debug|Any CPU.ActiveCfg = Debug|Any CPU
		{8684809B-E8C0-4341-8E47-AB3D4FC3A89B}.Debug|Any CPU.Build.0 = Debug|Any CPU
		{8684809B-E8C0-4341-8E47-AB3D4FC3A89B}.ExportDebug|Any CPU.ActiveCfg = ExportDebug|Any CPU
		{8684809B-E8C0-4341-8E47-AB3D4FC3A89B}.ExportDebug|Any CPU.Build.0 = ExportDebug|Any CPU
		{8684809B-E8C0-4341-8E47-AB3D4FC3A89B}.ExportRelease|Any CPU.ActiveCfg = ExportRelease|Any CPU
		{8684809B-E8C0-4341-8E47-AB3D4FC3A89B}.ExportRelease|Any CPU.Build.0 = ExportRelease|Any CPU
	EndGlobalSection
EndGlobal
